
Microsoft Visual Studio Solution File, Format Version 12.00
#
Project("{F2A71F9B-5D33-465A-A702-920D77279786}") = "AlcTableau", "AlcTableau.fsproj", "{E209D08B-34DF-40CB-A109-368E6F494F60}"
EndProject
Project("{F2A71F9B-5D33-465A-A702-920D77279786}") = "AlcTest", "test\AlcTest\AlcTest.fsproj", "{81E44777-BDE2-4741-A0AA-15C4162BF549}"
EndProject
Project("{FAE04EC0-301F-11D3-BF4B-00C04F79EFBC}") = "TurtleParser", "TurtleParser\TurtleParser.csproj", "{00034BC7-6B84-4C89-AAB9-3368ED3AF8AC}"
EndProject
Project("{FAE04EC0-301F-11D3-BF4B-00C04F79EFBC}") = "ManchesterAntlr", "ManchesterAntlr\ManchesterAntlr.csproj", "{24D84463-1C39-43C6-B309-EEDA7E9D2883}"
EndProject
Project("{2150E333-8FDC-42A3-9474-1A3956D46DE8}") = "test", "test", "{BF9EFAC5-4B46-4499-B2D1-A9276991495C}"
EndProject
Project("{FAE04EC0-301F-11D3-BF4B-00C04F79EFBC}") = "ManchesterAntlr.Unit.Tests", "test\ManchesterAntlr.Unit.Tests\ManchesterAntlr.Unit.Tests.csproj", "{7C1CB214-5330-4DFA-9657-120DE7D9D255}"
EndProject
Global
	GlobalSection(SolutionConfigurationPlatforms) = preSolution
		Debug|Any CPU = Debug|Any CPU
		Release|Any CPU = Release|Any CPU
	EndGlobalSection
	GlobalSection(ProjectConfigurationPlatforms) = postSolution
		{E209D08B-34DF-40CB-A109-368E6F494F60}.Debug|Any CPU.ActiveCfg = Debug|Any CPU
		{E209D08B-34DF-40CB-A109-368E6F494F60}.Debug|Any CPU.Build.0 = Debug|Any CPU
		{E209D08B-34DF-40CB-A109-368E6F494F60}.Release|Any CPU.ActiveCfg = Release|Any CPU
		{E209D08B-34DF-40CB-A109-368E6F494F60}.Release|Any CPU.Build.0 = Release|Any CPU
		{81E44777-BDE2-4741-A0AA-15C4162BF549}.Debug|Any CPU.ActiveCfg = Debug|Any CPU
		{81E44777-BDE2-4741-A0AA-15C4162BF549}.Debug|Any CPU.Build.0 = Debug|Any CPU
		{81E44777-BDE2-4741-A0AA-15C4162BF549}.Release|Any CPU.ActiveCfg = Release|Any CPU
		{81E44777-BDE2-4741-A0AA-15C4162BF549}.Release|Any CPU.Build.0 = Release|Any CPU
		{00034BC7-6B84-4C89-AAB9-3368ED3AF8AC}.Debug|Any CPU.ActiveCfg = Debug|Any CPU
		{00034BC7-6B84-4C89-AAB9-3368ED3AF8AC}.Debug|Any CPU.Build.0 = Debug|Any CPU
		{00034BC7-6B84-4C89-AAB9-3368ED3AF8AC}.Release|Any CPU.ActiveCfg = Release|Any CPU
		{00034BC7-6B84-4C89-AAB9-3368ED3AF8AC}.Release|Any CPU.Build.0 = Release|Any CPU
		{24D84463-1C39-43C6-B309-EEDA7E9D2883}.Debug|Any CPU.ActiveCfg = Debug|Any CPU
		{24D84463-1C39-43C6-B309-EEDA7E9D2883}.Debug|Any CPU.Build.0 = Debug|Any CPU
		{24D84463-1C39-43C6-B309-EEDA7E9D2883}.Release|Any CPU.ActiveCfg = Release|Any CPU
		{24D84463-1C39-43C6-B309-EEDA7E9D2883}.Release|Any CPU.Build.0 = Release|Any CPU
		{7C1CB214-5330-4DFA-9657-120DE7D9D255}.Debug|Any CPU.ActiveCfg = Debug|Any CPU
		{7C1CB214-5330-4DFA-9657-120DE7D9D255}.Debug|Any CPU.Build.0 = Debug|Any CPU
		{7C1CB214-5330-4DFA-9657-120DE7D9D255}.Release|Any CPU.ActiveCfg = Release|Any CPU
		{7C1CB214-5330-4DFA-9657-120DE7D9D255}.Release|Any CPU.Build.0 = Release|Any CPU
	EndGlobalSection
	GlobalSection(NestedProjects) = preSolution
		{7C1CB214-5330-4DFA-9657-120DE7D9D255} = {BF9EFAC5-4B46-4499-B2D1-A9276991495C}
	EndGlobalSection
EndGlobal
