
Microsoft Visual Studio Solution File, Format Version 12.00
#
Project("{F2A71F9B-5D33-465A-A702-920D77279786}") = "AlcTest", "test\AlcTest\AlcTest.fsproj", "{81E44777-BDE2-4741-A0AA-15C4162BF549}"
EndProject
Project("{2150E333-8FDC-42A3-9474-1A3956D46DE8}") = "test", "test", "{BF9EFAC5-4B46-4499-B2D1-A9276991495C}"
EndProject
Project("{FAE04EC0-301F-11D3-BF4B-00C04F79EFBC}") = "ManchesterAntlr.Unit.Tests", "test\ManchesterAntlr.Unit.Tests\ManchesterAntlr.Unit.Tests.csproj", "{7C1CB214-5330-4DFA-9657-120DE7D9D255}"
EndProject
Project("{F2A71F9B-5D33-465A-A702-920D77279786}") = "Reasoner.Integration.Tests", "test\Reasoner.Integration.Tests\Reasoner.Integration.Tests.fsproj", "{71138595-AFD2-4A10-8E1E-60418043BBA9}"
EndProject
Project("{2150E333-8FDC-42A3-9474-1A3956D46DE8}") = "src", "src", "{150881EB-B2AE-4E27-80B8-68FC9688D9BE}"
EndProject
Project("{F2A71F9B-5D33-465A-A702-920D77279786}") = "AlcTableau", "src\AlcTableau\AlcTableau.fsproj", "{22694FCA-F5DB-4C7A-98A4-90D2450B9E56}"
EndProject
Project("{FAE04EC0-301F-11D3-BF4B-00C04F79EFBC}") = "TurtleParser.Unit.Tests", "test\TurtleParser.Unit.Tests\TurtleParser.Unit.Tests.csproj", "{115AD1FD-FA5A-4F06-ADD3-9D44D5049262}"
EndProject
Project("{F2A71F9B-5D33-465A-A702-920D77279786}") = "Rdf", "src\Rdf\Rdf.fsproj", "{833D8620-E7DE-45B9-AB30-9B943A4F3997}"
EndProject
Project("{F2A71F9B-5D33-465A-A702-920D77279786}") = "Rdf.Unit.Tests", "test\Rdf.Unit.Tests\Rdf.Unit.Tests.fsproj", "{7670A563-EADA-48FC-A3F4-BF71C8431491}"
EndProject
Project("{F2A71F9B-5D33-465A-A702-920D77279786}") = "Manchester", "src\Manchester\Manchester.fsproj", "{9A57F365-0660-4830-8CE9-8C011A715D7B}"
EndProject
Project("{FAE04EC0-301F-11D3-BF4B-00C04F79EFBC}") = "Manchester.Parser", "src\Manchester.Parser\Manchester.Parser.csproj", "{CFBA90D5-831F-4B44-8FF2-C4435299312E}"
EndProject
Project("{FAE04EC0-301F-11D3-BF4B-00C04F79EFBC}") = "Turtle.Parser", "src\Turtle.Parser\Turtle.Parser.csproj", "{4E6ED8BB-FDE3-4F94-844C-F3BCBB65AA2D}"
EndProject
Project("{FAE04EC0-301F-11D3-BF4B-00C04F79EFBC}") = "Api", "src\Api\Api.csproj", "{07F8D8EA-B289-440B-BC74-7B52AB69D6B9}"
EndProject
Project("{FAE04EC0-301F-11D3-BF4B-00C04F79EFBC}") = "Parser", "src\Parser\Parser.csproj", "{239B0667-6901-46D2-AE73-79905B991201}"
EndProject
Project("{FAE04EC0-301F-11D3-BF4B-00C04F79EFBC}") = "TestUtils", "test\TestUtils\TestUtils.csproj", "{4436F2C8-1175-454A-979F-37D4A69F887A}"
EndProject
Project("{F2A71F9B-5D33-465A-A702-920D77279786}") = "Datalog.Test", "test\Datalog.Test\Datalog.Test.fsproj", "{5DFE9837-6300-4134-B2A3-C13F46A9D1C2}"
EndProject
Project("{F2A71F9B-5D33-465A-A702-920D77279786}") = "Datalog", "src\Datalog\Datalog.fsproj", "{F27E2851-BDBE-4EB4-8798-754EC665B4AE}"
EndProject
Project("{FAE04EC0-301F-11D3-BF4B-00C04F79EFBC}") = "Api.Tests", "test\Api.Tests\Api.Tests.csproj", "{7B5A1802-D3F5-44B0-B8EF-D4ABACDC1EAA}"
EndProject
Project("{FAE04EC0-301F-11D3-BF4B-00C04F79EFBC}") = "Datalog.Parser", "src\Datalog.Parser\Datalog.Parser.csproj", "{59E4114C-6383-4D8E-ABFE-62DE62403AA8}"
EndProject
Project("{FAE04EC0-301F-11D3-BF4B-00C04F79EFBC}") = "DatalogParser.Unit.Tests", "test\DatalogParser.Unit.Tests\DatalogParser.Unit.Tests.csproj", "{D14EB398-4DCC-494E-BCFA-72FB85F5E5B1}"
EndProject
Global
	GlobalSection(SolutionConfigurationPlatforms) = preSolution
		Debug|Any CPU = Debug|Any CPU
		Release|Any CPU = Release|Any CPU
	EndGlobalSection
	GlobalSection(ProjectConfigurationPlatforms) = postSolution
		{81E44777-BDE2-4741-A0AA-15C4162BF549}.Debug|Any CPU.ActiveCfg = Debug|Any CPU
		{81E44777-BDE2-4741-A0AA-15C4162BF549}.Debug|Any CPU.Build.0 = Debug|Any CPU
		{81E44777-BDE2-4741-A0AA-15C4162BF549}.Release|Any CPU.ActiveCfg = Release|Any CPU
		{81E44777-BDE2-4741-A0AA-15C4162BF549}.Release|Any CPU.Build.0 = Release|Any CPU
		{7C1CB214-5330-4DFA-9657-120DE7D9D255}.Debug|Any CPU.ActiveCfg = Debug|Any CPU
		{7C1CB214-5330-4DFA-9657-120DE7D9D255}.Debug|Any CPU.Build.0 = Debug|Any CPU
		{7C1CB214-5330-4DFA-9657-120DE7D9D255}.Release|Any CPU.ActiveCfg = Release|Any CPU
		{7C1CB214-5330-4DFA-9657-120DE7D9D255}.Release|Any CPU.Build.0 = Release|Any CPU
		{71138595-AFD2-4A10-8E1E-60418043BBA9}.Debug|Any CPU.ActiveCfg = Debug|Any CPU
		{71138595-AFD2-4A10-8E1E-60418043BBA9}.Debug|Any CPU.Build.0 = Debug|Any CPU
		{71138595-AFD2-4A10-8E1E-60418043BBA9}.Release|Any CPU.ActiveCfg = Release|Any CPU
		{71138595-AFD2-4A10-8E1E-60418043BBA9}.Release|Any CPU.Build.0 = Release|Any CPU
		{22694FCA-F5DB-4C7A-98A4-90D2450B9E56}.Release|Any CPU.ActiveCfg = Release|Any CPU
		{22694FCA-F5DB-4C7A-98A4-90D2450B9E56}.Release|Any CPU.Build.0 = Release|Any CPU
		{22694FCA-F5DB-4C7A-98A4-90D2450B9E56}.Debug|Any CPU.ActiveCfg = LocalDevelopment|Any CPU
		{22694FCA-F5DB-4C7A-98A4-90D2450B9E56}.Debug|Any CPU.Build.0 = LocalDevelopment|Any CPU
		{115AD1FD-FA5A-4F06-ADD3-9D44D5049262}.Debug|Any CPU.ActiveCfg = Debug|Any CPU
		{115AD1FD-FA5A-4F06-ADD3-9D44D5049262}.Debug|Any CPU.Build.0 = Debug|Any CPU
		{115AD1FD-FA5A-4F06-ADD3-9D44D5049262}.Release|Any CPU.ActiveCfg = Release|Any CPU
		{115AD1FD-FA5A-4F06-ADD3-9D44D5049262}.Release|Any CPU.Build.0 = Release|Any CPU
		{833D8620-E7DE-45B9-AB30-9B943A4F3997}.Release|Any CPU.ActiveCfg = Release|Any CPU
		{833D8620-E7DE-45B9-AB30-9B943A4F3997}.Release|Any CPU.Build.0 = Release|Any CPU
		{833D8620-E7DE-45B9-AB30-9B943A4F3997}.Debug|Any CPU.ActiveCfg = LocalDevelopment|Any CPU
		{833D8620-E7DE-45B9-AB30-9B943A4F3997}.Debug|Any CPU.Build.0 = LocalDevelopment|Any CPU
		{7670A563-EADA-48FC-A3F4-BF71C8431491}.Debug|Any CPU.ActiveCfg = Debug|Any CPU
		{7670A563-EADA-48FC-A3F4-BF71C8431491}.Debug|Any CPU.Build.0 = Debug|Any CPU
		{7670A563-EADA-48FC-A3F4-BF71C8431491}.Release|Any CPU.ActiveCfg = Release|Any CPU
		{7670A563-EADA-48FC-A3F4-BF71C8431491}.Release|Any CPU.Build.0 = Release|Any CPU
		{9A57F365-0660-4830-8CE9-8C011A715D7B}.Release|Any CPU.ActiveCfg = Release|Any CPU
		{9A57F365-0660-4830-8CE9-8C011A715D7B}.Release|Any CPU.Build.0 = Release|Any CPU
		{9A57F365-0660-4830-8CE9-8C011A715D7B}.Debug|Any CPU.ActiveCfg = LocalDevelopment|Any CPU
		{9A57F365-0660-4830-8CE9-8C011A715D7B}.Debug|Any CPU.Build.0 = LocalDevelopment|Any CPU
		{CFBA90D5-831F-4B44-8FF2-C4435299312E}.Release|Any CPU.ActiveCfg = Release|Any CPU
		{CFBA90D5-831F-4B44-8FF2-C4435299312E}.Release|Any CPU.Build.0 = Release|Any CPU
		{CFBA90D5-831F-4B44-8FF2-C4435299312E}.Debug|Any CPU.ActiveCfg = LocalDevelopment|Any CPU
		{CFBA90D5-831F-4B44-8FF2-C4435299312E}.Debug|Any CPU.Build.0 = LocalDevelopment|Any CPU
		{4E6ED8BB-FDE3-4F94-844C-F3BCBB65AA2D}.Release|Any CPU.ActiveCfg = Release|Any CPU
		{4E6ED8BB-FDE3-4F94-844C-F3BCBB65AA2D}.Release|Any CPU.Build.0 = Release|Any CPU
		{4E6ED8BB-FDE3-4F94-844C-F3BCBB65AA2D}.Debug|Any CPU.ActiveCfg = LocalDevelopment|Any CPU
		{4E6ED8BB-FDE3-4F94-844C-F3BCBB65AA2D}.Debug|Any CPU.Build.0 = LocalDevelopment|Any CPU
		{07F8D8EA-B289-440B-BC74-7B52AB69D6B9}.Release|Any CPU.ActiveCfg = Release|Any CPU
		{07F8D8EA-B289-440B-BC74-7B52AB69D6B9}.Release|Any CPU.Build.0 = Release|Any CPU
		{07F8D8EA-B289-440B-BC74-7B52AB69D6B9}.Debug|Any CPU.ActiveCfg = LocalDevelopment|Any CPU
		{07F8D8EA-B289-440B-BC74-7B52AB69D6B9}.Debug|Any CPU.Build.0 = LocalDevelopment|Any CPU
		{239B0667-6901-46D2-AE73-79905B991201}.Release|Any CPU.ActiveCfg = Release|Any CPU
		{239B0667-6901-46D2-AE73-79905B991201}.Release|Any CPU.Build.0 = Release|Any CPU
		{239B0667-6901-46D2-AE73-79905B991201}.Debug|Any CPU.ActiveCfg = LocalDevelopment|Any CPU
		{239B0667-6901-46D2-AE73-79905B991201}.Debug|Any CPU.Build.0 = LocalDevelopment|Any CPU
		{4436F2C8-1175-454A-979F-37D4A69F887A}.Debug|Any CPU.ActiveCfg = Debug|Any CPU
		{4436F2C8-1175-454A-979F-37D4A69F887A}.Debug|Any CPU.Build.0 = Debug|Any CPU
		{4436F2C8-1175-454A-979F-37D4A69F887A}.Release|Any CPU.ActiveCfg = Release|Any CPU
		{4436F2C8-1175-454A-979F-37D4A69F887A}.Release|Any CPU.Build.0 = Release|Any CPU
		{5DFE9837-6300-4134-B2A3-C13F46A9D1C2}.Debug|Any CPU.ActiveCfg = Debug|Any CPU
		{5DFE9837-6300-4134-B2A3-C13F46A9D1C2}.Debug|Any CPU.Build.0 = Debug|Any CPU
		{5DFE9837-6300-4134-B2A3-C13F46A9D1C2}.Release|Any CPU.ActiveCfg = Release|Any CPU
		{5DFE9837-6300-4134-B2A3-C13F46A9D1C2}.Release|Any CPU.Build.0 = Release|Any CPU
		{F27E2851-BDBE-4EB4-8798-754EC665B4AE}.Release|Any CPU.ActiveCfg = Release|Any CPU
		{F27E2851-BDBE-4EB4-8798-754EC665B4AE}.Release|Any CPU.Build.0 = Release|Any CPU
		{F27E2851-BDBE-4EB4-8798-754EC665B4AE}.Debug|Any CPU.ActiveCfg = LocalDevelopment|Any CPU
		{F27E2851-BDBE-4EB4-8798-754EC665B4AE}.Debug|Any CPU.Build.0 = LocalDevelopment|Any CPU
		{7B5A1802-D3F5-44B0-B8EF-D4ABACDC1EAA}.Debug|Any CPU.ActiveCfg = Debug|Any CPU
		{7B5A1802-D3F5-44B0-B8EF-D4ABACDC1EAA}.Debug|Any CPU.Build.0 = Debug|Any CPU
		{7B5A1802-D3F5-44B0-B8EF-D4ABACDC1EAA}.Release|Any CPU.ActiveCfg = Release|Any CPU
		{7B5A1802-D3F5-44B0-B8EF-D4ABACDC1EAA}.Release|Any CPU.Build.0 = Release|Any CPU
		{59E4114C-6383-4D8E-ABFE-62DE62403AA8}.Release|Any CPU.ActiveCfg = Release|Any CPU
		{59E4114C-6383-4D8E-ABFE-62DE62403AA8}.Release|Any CPU.Build.0 = Release|Any CPU
		{59E4114C-6383-4D8E-ABFE-62DE62403AA8}.Debug|Any CPU.ActiveCfg = LocalDevelopment|Any CPU
		{59E4114C-6383-4D8E-ABFE-62DE62403AA8}.Debug|Any CPU.Build.0 = LocalDevelopment|Any CPU
		{D14EB398-4DCC-494E-BCFA-72FB85F5E5B1}.Debug|Any CPU.ActiveCfg = Debug|Any CPU
		{D14EB398-4DCC-494E-BCFA-72FB85F5E5B1}.Debug|Any CPU.Build.0 = Debug|Any CPU
		{D14EB398-4DCC-494E-BCFA-72FB85F5E5B1}.Release|Any CPU.ActiveCfg = Release|Any CPU
		{D14EB398-4DCC-494E-BCFA-72FB85F5E5B1}.Release|Any CPU.Build.0 = Release|Any CPU
	EndGlobalSection
	GlobalSection(NestedProjects) = preSolution
		{7C1CB214-5330-4DFA-9657-120DE7D9D255} = {BF9EFAC5-4B46-4499-B2D1-A9276991495C}
		{71138595-AFD2-4A10-8E1E-60418043BBA9} = {BF9EFAC5-4B46-4499-B2D1-A9276991495C}
		{22694FCA-F5DB-4C7A-98A4-90D2450B9E56} = {150881EB-B2AE-4E27-80B8-68FC9688D9BE}
		{115AD1FD-FA5A-4F06-ADD3-9D44D5049262} = {BF9EFAC5-4B46-4499-B2D1-A9276991495C}
		{833D8620-E7DE-45B9-AB30-9B943A4F3997} = {150881EB-B2AE-4E27-80B8-68FC9688D9BE}
		{7670A563-EADA-48FC-A3F4-BF71C8431491} = {BF9EFAC5-4B46-4499-B2D1-A9276991495C}
		{81E44777-BDE2-4741-A0AA-15C4162BF549} = {BF9EFAC5-4B46-4499-B2D1-A9276991495C}
		{9A57F365-0660-4830-8CE9-8C011A715D7B} = {150881EB-B2AE-4E27-80B8-68FC9688D9BE}
		{CFBA90D5-831F-4B44-8FF2-C4435299312E} = {150881EB-B2AE-4E27-80B8-68FC9688D9BE}
		{4E6ED8BB-FDE3-4F94-844C-F3BCBB65AA2D} = {150881EB-B2AE-4E27-80B8-68FC9688D9BE}
		{07F8D8EA-B289-440B-BC74-7B52AB69D6B9} = {150881EB-B2AE-4E27-80B8-68FC9688D9BE}
		{239B0667-6901-46D2-AE73-79905B991201} = {150881EB-B2AE-4E27-80B8-68FC9688D9BE}
		{4436F2C8-1175-454A-979F-37D4A69F887A} = {BF9EFAC5-4B46-4499-B2D1-A9276991495C}
		{5DFE9837-6300-4134-B2A3-C13F46A9D1C2} = {BF9EFAC5-4B46-4499-B2D1-A9276991495C}
		{F27E2851-BDBE-4EB4-8798-754EC665B4AE} = {150881EB-B2AE-4E27-80B8-68FC9688D9BE}
		{7B5A1802-D3F5-44B0-B8EF-D4ABACDC1EAA} = {BF9EFAC5-4B46-4499-B2D1-A9276991495C}
		{59E4114C-6383-4D8E-ABFE-62DE62403AA8} = {150881EB-B2AE-4E27-80B8-68FC9688D9BE}
		{D14EB398-4DCC-494E-BCFA-72FB85F5E5B1} = {BF9EFAC5-4B46-4499-B2D1-A9276991495C}
	EndGlobalSection
EndGlobal
